{
  "name": "webapp",
  "lockfileVersion": 3,
  "requires": true,
  "packages": {
    "": {
      "dependencies": {
        "filepond": "^4.32.6",
        "filepond-plugin-image-preview": "^4.6.12"
      }
    },
    "node_modules/filepond": {
      "version": "4.32.6",
      "resolved": "https://registry.npmjs.org/filepond/-/filepond-4.32.6.tgz",
      "integrity": "sha512-9EM6Vvny3K5s7guxegedByQx8n6ycUFaoF+Wo20+t1DYNt+vQaOtkGy2jnY8/2roAlskUnwJI1rAnAhzBPXwiw==",
      "license": "MIT"
    },
    "node_modules/filepond-plugin-image-preview": {
      "version": "4.6.12",
      "resolved": "https://registry.npmjs.org/filepond-plugin-image-preview/-/filepond-plugin-image-preview-4.6.12.tgz",
      "integrity": "sha512-Y8ETX5QVV0mbPB0586UH8AUmG9tZg8PuN5bdEAIlZVJFTct5ebViJ7+Am94/VhTPjLqZjBf1zmDq5JU6XRsZKw==",
      "license": "MIT",
      "peerDependencies": {
        "filepond": ">=4.x <5.x"
      }
    }
  }
}
